<?xml version="1.0" encoding="utf-8"?>
<Project ToolsVersion="4.0" xmlns="http://schemas.microsoft.com/developer/msbuild/2003">
  <ItemGroup>
    <Filter Include="Source Files">
      <UniqueIdentifier>{4FC737F1-C7A5-4376-A066-2A32D752A2FF}</UniqueIdentifier>
      <Extensions>cpp;c;cc;cxx;def;odl;idl;hpj;bat;asm;asmx</Extensions>
    </Filter>
    <Filter Include="Header Files">
      <UniqueIdentifier>{93995380-89BD-4b04-88EB-625FBE52EBFB}</UniqueIdentifier>
      <Extensions>h;hpp;hxx;hm;inl;inc;xsd</Extensions>
    </Filter>
    <Filter Include="Resource Files">
      <UniqueIdentifier>{67DA6AB6-F800-4c08-8B7A-83BB121AAD01}</UniqueIdentifier>
      <Extensions>rc;ico;cur;bmp;dlg;rc2;rct;bin;rgs;gif;jpg;jpeg;jpe;resx;tiff;tif;png;wav;mfcribbon-ms</Extensions>
    </Filter>
    <Filter Include="Source Files\engine">
      <UniqueIdentifier>{556e6db6-ffc1-47e5-9466-0b3460cc48e1}</UniqueIdentifier>
    </Filter>
    <Filter Include="Source Files\entities">
      <UniqueIdentifier>{ccd802de-af23-4d6b-9f0e-d47bcac919f6}</UniqueIdentifier>
    </Filter>
    <Filter Include="Header Files\entities">
      <UniqueIdentifier>{f1d854ca-ff00-461c-9037-4ea79c513de8}</UniqueIdentifier>
    </Filter>
    <Filter Include="Header Files\engine">
      <UniqueIdentifier>{c5178831-4cc1-4ae1-a0ce-f2241be20672}</UniqueIdentifier>
    </Filter>
    <Filter Include="Header Files\engine\core">
      <UniqueIdentifier>{c99d1b37-94ed-41fe-8d75-092de9d28600}</UniqueIdentifier>
    </Filter>
    <Filter Include="Header Files\interfaces">
      <UniqueIdentifier>{edacb3eb-d026-4d73-844b-4d668db2fecc}</UniqueIdentifier>
    </Filter>
    <Filter Include="Source Files\engine\core">
      <UniqueIdentifier>{df57efe1-c6de-4144-afa2-4ba8cdf44de4}</UniqueIdentifier>
    </Filter>
  </ItemGroup>
  <ItemGroup>
    <ClInclude Include="inc\CoreEntity.h">
      <Filter>Header Files\engine\core</Filter>
    </ClInclude>
    <ClInclude Include="inc\CoreTypes.h">
      <Filter>Header Files\engine\core</Filter>
    </ClInclude>
    <ClInclude Include="inc\CoreUtility.h">
      <Filter>Header Files\engine\core</Filter>
    </ClInclude>
    <ClInclude Include="inc\Character.h">
      <Filter>Header Files\entities</Filter>
    </ClInclude>
    <ClInclude Include="inc\Engine.h">
      <Filter>Header Files\engine</Filter>
    </ClInclude>
    <ClInclude Include="inc\LevelScroller.h">
      <Filter>Header Files\engine</Filter>
    </ClInclude>
    <ClInclude Include="inc\SpriteExtent.h">
      <Filter>Header Files\engine</Filter>
    </ClInclude>
    <ClInclude Include="inc\SpriteSheet.h">
      <Filter>Header Files\engine</Filter>
    </ClInclude>
    <ClInclude Include="inc\Timer.h">
      <Filter>Header Files\engine\core</Filter>
    </ClInclude>
    <ClInclude Include="inc\ILevelScroller.h">
      <Filter>Header Files\interfaces</Filter>
    </ClInclude>
    <ClInclude Include="inc\ILevelTileGenerator.h">
      <Filter>Header Files\interfaces</Filter>
    </ClInclude>
    <ClInclude Include="inc\ISDLImageLoader.h">
      <Filter>Header Files\interfaces</Filter>
    </ClInclude>
  </ItemGroup>
  <ItemGroup>
    <ClCompile Include="src\Engine.cpp">
      <Filter>Source Files\engine</Filter>
    </ClCompile>
    <ClCompile Include="src\LevelScroller.cpp">
      <Filter>Source Files\engine</Filter>
    </ClCompile>
    <ClCompile Include="src\SpriteExtent.cpp">
      <Filter>Source Files\engine</Filter>
    </ClCompile>
    <ClCompile Include="src\SpriteSheet.cpp">
      <Filter>Source Files\engine</Filter>
    </ClCompile>
    <ClCompile Include="src\CoreEntity.cpp">
      <Filter>Source Files\engine\core</Filter>
    </ClCompile>
    <ClCompile Include="src\CoreUtility.cpp">
      <Filter>Source Files\engine\core</Filter>
    </ClCompile>
    <ClCompile Include="src\Timer.cpp">
      <Filter>Source Files\engine\core</Filter>
    </ClCompile>
    <ClCompile Include="src\Character.cpp">
      <Filter>Source Files\entities</Filter>
    </ClCompile>
    <ClCompile Include="src\main.cpp">
      <Filter>Source Files</Filter>
    </ClCompile>
  </ItemGroup>
</Project>